
Microsoft Visual Studio Solution File, Format Version 12.00
# Visual Studio Version 17
VisualStudioVersion = 17.3.32922.545
MinimumVisualStudioVersion = 10.0.40219.1
Project("{FAE04EC0-301F-11D3-BF4B-00C04F79EFBC}") = "J2P1_CSHARP_INTERMEDIATE_THOMSLAGHEKKE", "J2P1_CSHARP_INTERMEDIATE_THOMSLAGHEKKE\J2P1_CSHARP_INTERMEDIATE_THOMSLAGHEKKE.csproj", "{2043F1AB-4EAA-4C71-BFDF-284F72E165DC}"
EndProject
Global
	GlobalSection(SolutionConfigurationPlatforms) = preSolution
		Debug|Any CPU = Debug|Any CPU
		Release|Any CPU = Release|Any CPU
	EndGlobalSection
	GlobalSection(ProjectConfigurationPlatforms) = postSolution
		{2043F1AB-4EAA-4C71-BFDF-284F72E165DC}.Debug|Any CPU.ActiveCfg = Debug|Any CPU
		{2043F1AB-4EAA-4C71-BFDF-284F72E165DC}.Debug|Any CPU.Build.0 = Debug|Any CPU
		{2043F1AB-4EAA-4C71-BFDF-284F72E165DC}.Release|Any CPU.ActiveCfg = Release|Any CPU
		{2043F1AB-4EAA-4C71-BFDF-284F72E165DC}.Release|Any CPU.Build.0 = Release|Any CPU
	EndGlobalSection
	GlobalSection(SolutionProperties) = preSolution
		HideSolutionNode = FALSE
	EndGlobalSection
	GlobalSection(ExtensibilityGlobals) = postSolution
		SolutionGuid = {E41D0D31-0376-4918-A547-A99833A29B6E}
	EndGlobalSection
EndGlobal
